
Microsoft Visual Studio Solution File, Format Version 12.00
# Visual Studio Version 17
VisualStudioVersion = 17.4.33122.133
MinimumVisualStudioVersion = 10.0.40219.1
Project("{9A19103F-16F7-4668-BE54-9A1E7A4F7556}") = "WebApp", "WebApp\WebApp.csproj", "{E302CA89-963C-499E-8159-307558D4983A}"
EndProject
Project("{9A19103F-16F7-4668-BE54-9A1E7A4F7556}") = "WebApi", "WebApi\WebApi.csproj", "{F8BC08D2-7257-4A10-BCAC-0C6E9E643E6F}"
EndProject
Project("{9A19103F-16F7-4668-BE54-9A1E7A4F7556}") = "Business", "Business\Business.csproj", "{9F1FDE6E-0EE7-456A-8F47-C958A096E0DB}"
EndProject
Project("{9A19103F-16F7-4668-BE54-9A1E7A4F7556}") = "Data", "Data\Data.csproj", "{D4839240-16F3-4FC5-8B96-D37CA340F6DF}"
EndProject
Project("{9A19103F-16F7-4668-BE54-9A1E7A4F7556}") = "Services", "Services\Services.csproj", "{BEDC7EAF-855B-4A40-B5FA-EE5897F6CCB1}"
EndProject
Global
	GlobalSection(SolutionConfigurationPlatforms) = preSolution
		Debug|Any CPU = Debug|Any CPU
		Release|Any CPU = Release|Any CPU
	EndGlobalSection
	GlobalSection(ProjectConfigurationPlatforms) = postSolution
		{E302CA89-963C-499E-8159-307558D4983A}.Debug|Any CPU.ActiveCfg = Debug|Any CPU
		{E302CA89-963C-499E-8159-307558D4983A}.Debug|Any CPU.Build.0 = Debug|Any CPU
		{E302CA89-963C-499E-8159-307558D4983A}.Release|Any CPU.ActiveCfg = Release|Any CPU
		{E302CA89-963C-499E-8159-307558D4983A}.Release|Any CPU.Build.0 = Release|Any CPU
		{F8BC08D2-7257-4A10-BCAC-0C6E9E643E6F}.Debug|Any CPU.ActiveCfg = Debug|Any CPU
		{F8BC08D2-7257-4A10-BCAC-0C6E9E643E6F}.Debug|Any CPU.Build.0 = Debug|Any CPU
		{F8BC08D2-7257-4A10-BCAC-0C6E9E643E6F}.Release|Any CPU.ActiveCfg = Release|Any CPU
		{F8BC08D2-7257-4A10-BCAC-0C6E9E643E6F}.Release|Any CPU.Build.0 = Release|Any CPU
		{9F1FDE6E-0EE7-456A-8F47-C958A096E0DB}.Debug|Any CPU.ActiveCfg = Debug|Any CPU
		{9F1FDE6E-0EE7-456A-8F47-C958A096E0DB}.Debug|Any CPU.Build.0 = Debug|Any CPU
		{9F1FDE6E-0EE7-456A-8F47-C958A096E0DB}.Release|Any CPU.ActiveCfg = Release|Any CPU
		{9F1FDE6E-0EE7-456A-8F47-C958A096E0DB}.Release|Any CPU.Build.0 = Release|Any CPU
		{D4839240-16F3-4FC5-8B96-D37CA340F6DF}.Debug|Any CPU.ActiveCfg = Debug|Any CPU
		{D4839240-16F3-4FC5-8B96-D37CA340F6DF}.Debug|Any CPU.Build.0 = Debug|Any CPU
		{D4839240-16F3-4FC5-8B96-D37CA340F6DF}.Release|Any CPU.ActiveCfg = Release|Any CPU
		{D4839240-16F3-4FC5-8B96-D37CA340F6DF}.Release|Any CPU.Build.0 = Release|Any CPU
		{BEDC7EAF-855B-4A40-B5FA-EE5897F6CCB1}.Debug|Any CPU.ActiveCfg = Debug|Any CPU
		{BEDC7EAF-855B-4A40-B5FA-EE5897F6CCB1}.Debug|Any CPU.Build.0 = Debug|Any CPU
		{BEDC7EAF-855B-4A40-B5FA-EE5897F6CCB1}.Release|Any CPU.ActiveCfg = Release|Any CPU
		{BEDC7EAF-855B-4A40-B5FA-EE5897F6CCB1}.Release|Any CPU.Build.0 = Release|Any CPU
	EndGlobalSection
	GlobalSection(SolutionProperties) = preSolution
		HideSolutionNode = FALSE
	EndGlobalSection
	GlobalSection(ExtensibilityGlobals) = postSolution
		SolutionGuid = {A77D23F5-D014-4F87-B58D-932256B9ECE1}
	EndGlobalSection
EndGlobal
